
Microsoft Visual Studio Solution File, Format Version 12.00
# Visual Studio Version 17
VisualStudioVersion = 17.1.32421.90
MinimumVisualStudioVersion = 10.0.40219.1
Project("{2150E333-8FDC-42A3-9474-1A3956D46DE8}") = "src", "src", "{04FF4AA6-FFB4-4704-9F52-40655CA748BD}"
EndProject
Project("{2150E333-8FDC-42A3-9474-1A3956D46DE8}") = "API", "API", "{86E68308-4D6B-4BD0-A6BD-85376AF5618A}"
EndProject
Project("{2150E333-8FDC-42A3-9474-1A3956D46DE8}") = "Core", "Core", "{B52235BE-89A0-471B-8039-5E52A667CDF0}"
EndProject
Project("{2150E333-8FDC-42A3-9474-1A3956D46DE8}") = "Infrastructure", "Infrastructure", "{46E66E0E-66A6-44E5-8DCF-3906178F147E}"
EndProject
Project("{FAE04EC0-301F-11D3-BF4B-00C04F79EFBC}") = "SicopataSchool.NotesManagement.Domain", "SicopataSchool.NotesManagement.Domain\SicopataSchool.NotesManagement.Domain.csproj", "{F5051B84-962E-460C-B4B7-CD4A5C224C9B}"
EndProject
Project("{FAE04EC0-301F-11D3-BF4B-00C04F79EFBC}") = "SicopataSchool.NotesManagement.Persistence", "SicopataSchool.NotesManagement.Persistence\SicopataSchool.NotesManagement.Persistence.csproj", "{80C1DD64-BCBB-4E85-A945-1F81209EA75E}"
EndProject
Project("{FAE04EC0-301F-11D3-BF4B-00C04F79EFBC}") = "SicopataSchool.NotesManagement.Application", "SicopataSchool.NotesManagement.Application\SicopataSchool.NotesManagement.Application.csproj", "{6BB63FAA-0F62-4F1E-931B-21884A34A4D0}"
EndProject
Global
	GlobalSection(SolutionConfigurationPlatforms) = preSolution
		Debug|Any CPU = Debug|Any CPU
		Release|Any CPU = Release|Any CPU
	EndGlobalSection
	GlobalSection(ProjectConfigurationPlatforms) = postSolution
		{F5051B84-962E-460C-B4B7-CD4A5C224C9B}.Debug|Any CPU.ActiveCfg = Debug|Any CPU
		{F5051B84-962E-460C-B4B7-CD4A5C224C9B}.Debug|Any CPU.Build.0 = Debug|Any CPU
		{F5051B84-962E-460C-B4B7-CD4A5C224C9B}.Release|Any CPU.ActiveCfg = Release|Any CPU
		{F5051B84-962E-460C-B4B7-CD4A5C224C9B}.Release|Any CPU.Build.0 = Release|Any CPU
		{80C1DD64-BCBB-4E85-A945-1F81209EA75E}.Debug|Any CPU.ActiveCfg = Debug|Any CPU
		{80C1DD64-BCBB-4E85-A945-1F81209EA75E}.Debug|Any CPU.Build.0 = Debug|Any CPU
		{80C1DD64-BCBB-4E85-A945-1F81209EA75E}.Release|Any CPU.ActiveCfg = Release|Any CPU
		{80C1DD64-BCBB-4E85-A945-1F81209EA75E}.Release|Any CPU.Build.0 = Release|Any CPU
		{6BB63FAA-0F62-4F1E-931B-21884A34A4D0}.Debug|Any CPU.ActiveCfg = Debug|Any CPU
		{6BB63FAA-0F62-4F1E-931B-21884A34A4D0}.Debug|Any CPU.Build.0 = Debug|Any CPU
		{6BB63FAA-0F62-4F1E-931B-21884A34A4D0}.Release|Any CPU.ActiveCfg = Release|Any CPU
		{6BB63FAA-0F62-4F1E-931B-21884A34A4D0}.Release|Any CPU.Build.0 = Release|Any CPU
	EndGlobalSection
	GlobalSection(SolutionProperties) = preSolution
		HideSolutionNode = FALSE
	EndGlobalSection
	GlobalSection(NestedProjects) = preSolution
		{86E68308-4D6B-4BD0-A6BD-85376AF5618A} = {04FF4AA6-FFB4-4704-9F52-40655CA748BD}
		{B52235BE-89A0-471B-8039-5E52A667CDF0} = {04FF4AA6-FFB4-4704-9F52-40655CA748BD}
		{46E66E0E-66A6-44E5-8DCF-3906178F147E} = {04FF4AA6-FFB4-4704-9F52-40655CA748BD}
		{F5051B84-962E-460C-B4B7-CD4A5C224C9B} = {B52235BE-89A0-471B-8039-5E52A667CDF0}
		{80C1DD64-BCBB-4E85-A945-1F81209EA75E} = {46E66E0E-66A6-44E5-8DCF-3906178F147E}
		{6BB63FAA-0F62-4F1E-931B-21884A34A4D0} = {B52235BE-89A0-471B-8039-5E52A667CDF0}
	EndGlobalSection
	GlobalSection(ExtensibilityGlobals) = postSolution
		SolutionGuid = {0AB8A83C-BAAC-418E-920B-F5CC1BD84E68}
	EndGlobalSection
EndGlobal
